version = 1
revision = 3
requires-python = ">=3.13"

[[package]]
name = "asgiref"
version = "3.11.0"
source = { registry = "https://pypi.org/simple" }
sdist = { url = "https://files.pythonhosted.org/packages/76/b9/4db2509eabd14b4a8c71d1b24c8d5734c52b8560a7b1e1a8b56c8d25568b/asgiref-3.11.0.tar.gz", hash = "sha256:13acff32519542a1736223fb79a715acdebe24286d98e8b164a73085f40da2c4", size = 37969, upload-time = "2025-11-19T15:32:20.106Z" }
wheels = [
    { url = "https://files.pythonhosted.org/packages/91/be/317c2c55b8bbec407257d45f5c8d1b6867abc76d12043f2d3d58c538a4ea/asgiref-3.11.0-py3-none-any.whl", hash = "sha256:1db9021efadb0d9512ce8ffaf72fcef601c7b73a8807a1bb2ef143dc6b14846d", size = 24096, upload-time = "2025-11-19T15:32:19.004Z" },
]

[[package]]
name = "asttokens"
version = "3.0.1"
source = { registry = "https://pypi.org/simple" }
sdist = { url = "https://files.pythonhosted.org/packages/be/a5/8e3f9b6771b0b408517c82d97aed8f2036509bc247d46114925e32fe33f0/asttokens-3.0.1.tar.gz", hash = "sha256:71a4ee5de0bde6a31d64f6b13f2293ac190344478f081c3d1bccfcf5eacb0cb7", size = 62308, upload-time = "2025-11-15T16:43:48.578Z" }
wheels = [
    { url = "https://files.pythonhosted.org/packages/d2/39/e7eaf1799466a4aef85b6a4fe7bd175ad2b1c6345066aa33f1f58d4b18d0/asttokens-3.0.1-py3-none-any.whl", hash = "sha256:15a3ebc0f43c2d0a50eeafea25e19046c68398e487b9f1f5b517f7c0f40f976a", size = 27047, upload-time = "2025-11-15T16:43:16.109Z" },
]

[[package]]
name = "colorama"
version = "0.4.6"
source = { registry = "https://pypi.org/simple" }
sdist = { url = "https://files.pythonhosted.org/packages/d8/53/6f443c9a4a8358a93a6792e2acffb9d9d5cb0a5cfd8802644b7b1c9a02e4/colorama-0.4.6.tar.gz", hash = "sha256:08695f5cb7ed6e0531a20572697297273c47b8cae5a63ffc6d6ed5c201be6e44", size = 27697, upload-time = "2022-10-25T02:36:22.414Z" }
wheels = [
    { url = "https://files.pythonhosted.org/packages/d1/d6/3965ed04c63042e047cb6a3e6ed1a63a35087b6a609aa3a15ed8ac56c221/colorama-0.4.6-py2.py3-none-any.whl", hash = "sha256:4f1d9991f5acc0ca119f9d443620b77f9d6b33703e51011c16baf57afb285fc6", size = 25335, upload-time = "2022-10-25T02:36:20.889Z" },
]

[[package]]
name = "django"
version = "6.0.1"
source = { registry = "https://pypi.org/simple" }
dependencies = [
    { name = "asgiref" },
    { name = "sqlparse" },
    { name = "tzdata", marker = "sys_platform == 'win32'" },
]
sdist = { url = "https://files.pythonhosted.org/packages/b5/9b/016f7e55e855ee738a352b05139d4f8b278d0b451bd01ebef07456ef3b0e/django-6.0.1.tar.gz", hash = "sha256:ed76a7af4da21551573b3d9dfc1f53e20dd2e6c7d70a3adc93eedb6338130a5f", size = 11069565, upload-time = "2026-01-06T18:55:53.069Z" }
wheels = [
    { url = "https://files.pythonhosted.org/packages/95/b5/814ed98bd21235c116fd3436a7ed44d47560329a6d694ec8aac2982dbb93/django-6.0.1-py3-none-any.whl", hash = "sha256:a92a4ff14f664a896f9849009cb8afaca7abe0d6fc53325f3d1895a15253433d", size = 8338791, upload-time = "2026-01-06T18:55:46.175Z" },
]

[[package]]
name = "django-cors-headers"
version = "4.9.0"
source = { registry = "https://pypi.org/simple" }
dependencies = [
    { name = "asgiref" },
    { name = "django" },
]
sdist = { url = "https://files.pythonhosted.org/packages/21/39/55822b15b7ec87410f34cd16ce04065ff390e50f9e29f31d6d116fc80456/django_cors_headers-4.9.0.tar.gz", hash = "sha256:fe5d7cb59fdc2c8c646ce84b727ac2bca8912a247e6e68e1fb507372178e59e8", size = 21458, upload-time = "2025-09-18T10:40:52.326Z" }
wheels = [
    { url = "https://files.pythonhosted.org/packages/30/d8/19ed1e47badf477d17fb177c1c19b5a21da0fd2d9f093f23be3fb86c5fab/django_cors_headers-4.9.0-py3-none-any.whl", hash = "sha256:15c7f20727f90044dcee2216a9fd7303741a864865f0c3657e28b7056f61b449", size = 12809, upload-time = "2025-09-18T10:40:50.843Z" },
]

[[package]]
name = "django-rest-framework"
version = "0.1.0"
source = { registry = "https://pypi.org/simple" }
dependencies = [
    { name = "djangorestframework" },
]
sdist = { url = "https://files.pythonhosted.org/packages/ed/d2/61159bc6efd1bf16adc4a2a48f7ace2080d1f7aef054f606d1857cab490c/django-rest-framework-0.1.0.tar.gz", hash = "sha256:47a8f496fa69e3b6bd79f68dd7a1527d907d6b77f009e9db7cf9bb21cc565e4a", size = 969, upload-time = "2017-07-20T17:14:33.345Z" }

[[package]]
name = "django-telegram-login"
version = "0.2.3"
source = { registry = "https://pypi.org/simple" }
sdist = { url = "https://files.pythonhosted.org/packages/53/60/5edaa8131ec69d0b9f8e994e450af072975a036218cddf7da9e657df8640/django-telegram-login-0.2.3.tar.gz", hash = "sha256:690196527b78127f059842fe7aa689ee134f594d184ebdf478554011a7471088", size = 4767, upload-time = "2018-02-22T19:50:53.559Z" }
wheels = [
    { url = "https://files.pythonhosted.org/packages/6d/f0/2038ad8d00392ddc6b51ae45b20b44756148849fdce8f731172052c023c7/django_telegram_login-0.2.3-py3-none-any.whl", hash = "sha256:e0c0aeafab55f33bca1b5a5f33b06fc257d286c7a3911ec8517df83a716d3371", size = 7167, upload-time = "2018-02-22T19:50:51.154Z" },
]

[[package]]
name = "djangorestframework"
version = "3.16.1"
source = { registry = "https://pypi.org/simple" }
dependencies = [
    { name = "django" },
]
sdist = { url = "https://files.pythonhosted.org/packages/8a/95/5376fe618646fde6899b3cdc85fd959716bb67542e273a76a80d9f326f27/djangorestframework-3.16.1.tar.gz", hash = "sha256:166809528b1aced0a17dc66c24492af18049f2c9420dbd0be29422029cfc3ff7", size = 1089735, upload-time = "2025-08-06T17:50:53.251Z" }
wheels = [
    { url = "https://files.pythonhosted.org/packages/b0/ce/bf8b9d3f415be4ac5588545b5fcdbbb841977db1c1d923f7568eeabe1689/djangorestframework-3.16.1-py3-none-any.whl", hash = "sha256:33a59f47fb9c85ede792cbf88bde71893bcda0667bc573f784649521f1102cec", size = 1080442, upload-time = "2025-08-06T17:50:50.667Z" },
]

[[package]]
name = "djangorestframework-simplejwt"
version = "5.5.1"
source = { registry = "https://pypi.org/simple" }
dependencies = [
    { name = "django" },
    { name = "djangorestframework" },
    { name = "pyjwt" },
]
sdist = { url = "https://files.pythonhosted.org/packages/a8/27/2874a325c11112066139769f7794afae238a07ce6adf96259f08fd37a9d7/djangorestframework_simplejwt-5.5.1.tar.gz", hash = "sha256:e72c5572f51d7803021288e2057afcbd03f17fe11d484096f40a460abc76e87f", size = 101265, upload-time = "2025-07-21T16:52:25.026Z" }
wheels = [
    { url = "https://files.pythonhosted.org/packages/60/94/fdfb7b2f0b16cd3ed4d4171c55c1c07a2d1e3b106c5978c8ad0c15b4a48b/djangorestframework_simplejwt-5.5.1-py3-none-any.whl", hash = "sha256:2c30f3707053d384e9f315d11c2daccfcb548d4faa453111ca19a542b732e469", size = 107674, upload-time = "2025-07-21T16:52:07.493Z" },
]

[[package]]
name = "drf-sandbox"
version = "0.1.0"
source = { virtual = "." }
dependencies = [
    { name = "django" },
    { name = "django-cors-headers" },
    { name = "django-rest-framework" },
    { name = "django-telegram-login" },
    { name = "djangorestframework-simplejwt" },
    { name = "icecream" },
]

[package.metadata]
requires-dist = [
    { name = "django", specifier = ">=6.0.1" },
    { name = "django-cors-headers", specifier = ">=4.9.0" },
    { name = "django-rest-framework", specifier = ">=0.1.0" },
    { name = "django-telegram-login", specifier = ">=0.2.3" },
    { name = "djangorestframework-simplejwt", specifier = ">=5.5.1" },
    { name = "icecream", specifier = ">=2.1.10" },
]

[[package]]
name = "executing"
version = "2.2.1"
source = { registry = "https://pypi.org/simple" }
sdist = { url = "https://files.pythonhosted.org/packages/cc/28/c14e053b6762b1044f34a13aab6859bbf40456d37d23aa286ac24cfd9a5d/executing-2.2.1.tar.gz", hash = "sha256:3632cc370565f6648cc328b32435bd120a1e4ebb20c77e3fdde9a13cd1e533c4", size = 1129488, upload-time = "2025-09-01T09:48:10.866Z" }
wheels = [
    { url = "https://files.pythonhosted.org/packages/c1/ea/53f2148663b321f21b5a606bd5f191517cf40b7072c0497d3c92c4a13b1e/executing-2.2.1-py2.py3-none-any.whl", hash = "sha256:760643d3452b4d777d295bb167ccc74c64a81df23fb5e08eff250c425a4b2017", size = 28317, upload-time = "2025-09-01T09:48:08.5Z" },
]

[[package]]
name = "icecream"
version = "2.1.10"
source = { registry = "https://pypi.org/simple" }
dependencies = [
    { name = "asttokens" },
    { name = "colorama" },
    { name = "executing" },
    { name = "pygments" },
]
sdist = { url = "https://files.pythonhosted.org/packages/fe/e2/3d064dfedbbc16687e0f56cd9b1d55e4e6dfd13d61b9435b61c250aaef3c/icecream-2.1.10.tar.gz", hash = "sha256:15900126ba7dbe1f83819583cbe5ff79a2943224600878d89307e4633b32e528", size = 13924, upload-time = "2026-01-21T07:34:17.652Z" }
wheels = [
    { url = "https://files.pythonhosted.org/packages/5f/4f/91c4ee1af60bb4b2519540fd46fb56dfc70ede0cf3d97f57aff62d61190b/icecream-2.1.10-py3-none-any.whl", hash = "sha256:6b0ae3e899de12954cd26d8611dcff86518ff19f40deef333427da2ccf4036b2", size = 16373, upload-time = "2026-01-21T07:34:15.801Z" },
]

[[package]]
name = "pygments"
version = "2.19.2"
source = { registry = "https://pypi.org/simple" }
sdist = { url = "https://files.pythonhosted.org/packages/b0/77/a5b8c569bf593b0140bde72ea885a803b82086995367bf2037de0159d924/pygments-2.19.2.tar.gz", hash = "sha256:636cb2477cec7f8952536970bc533bc43743542f70392ae026374600add5b887", size = 4968631, upload-time = "2025-06-21T13:39:12.283Z" }
wheels = [
    { url = "https://files.pythonhosted.org/packages/c7/21/705964c7812476f378728bdf590ca4b771ec72385c533964653c68e86bdc/pygments-2.19.2-py3-none-any.whl", hash = "sha256:86540386c03d588bb81d44bc3928634ff26449851e99741617ecb9037ee5ec0b", size = 1225217, upload-time = "2025-06-21T13:39:07.939Z" },
]

[[package]]
name = "pyjwt"
version = "2.10.1"
source = { registry = "https://pypi.org/simple" }
sdist = { url = "https://files.pythonhosted.org/packages/e7/46/bd74733ff231675599650d3e47f361794b22ef3e3770998dda30d3b63726/pyjwt-2.10.1.tar.gz", hash = "sha256:3cc5772eb20009233caf06e9d8a0577824723b44e6648ee0a2aedb6cf9381953", size = 87785, upload-time = "2024-11-28T03:43:29.933Z" }
wheels = [
    { url = "https://files.pythonhosted.org/packages/61/ad/689f02752eeec26aed679477e80e632ef1b682313be70793d798c1d5fc8f/PyJWT-2.10.1-py3-none-any.whl", hash = "sha256:dcdd193e30abefd5debf142f9adfcdd2b58004e644f25406ffaebd50bd98dacb", size = 22997, upload-time = "2024-11-28T03:43:27.893Z" },
]

[[package]]
name = "sqlparse"
version = "0.5.5"
source = { registry = "https://pypi.org/simple" }
sdist = { url = "https://files.pythonhosted.org/packages/90/76/437d71068094df0726366574cf3432a4ed754217b436eb7429415cf2d480/sqlparse-0.5.5.tar.gz", hash = "sha256:e20d4a9b0b8585fdf63b10d30066c7c94c5d7a7ec47c889a2d83a3caa93ff28e", size = 120815, upload-time = "2025-12-19T07:17:45.073Z" }
wheels = [
    { url = "https://files.pythonhosted.org/packages/49/4b/359f28a903c13438ef59ebeee215fb25da53066db67b305c125f1c6d2a25/sqlparse-0.5.5-py3-none-any.whl", hash = "sha256:12a08b3bf3eec877c519589833aed092e2444e68240a3577e8e26148acc7b1ba", size = 46138, upload-time = "2025-12-19T07:17:46.573Z" },
]

[[package]]
name = "tzdata"
version = "2025.3"
source = { registry = "https://pypi.org/simple" }
sdist = { url = "https://files.pythonhosted.org/packages/5e/a7/c202b344c5ca7daf398f3b8a477eeb205cf3b6f32e7ec3a6bac0629ca975/tzdata-2025.3.tar.gz", hash = "sha256:de39c2ca5dc7b0344f2eba86f49d614019d29f060fc4ebc8a417896a620b56a7", size = 196772, upload-time = "2025-12-13T17:45:35.667Z" }
wheels = [
    { url = "https://files.pythonhosted.org/packages/c7/b0/003792df09decd6849a5e39c28b513c06e84436a54440380862b5aeff25d/tzdata-2025.3-py2.py3-none-any.whl", hash = "sha256:06a47e5700f3081aab02b2e513160914ff0694bce9947d6b76ebd6bf57cfc5d1", size = 348521, upload-time = "2025-12-13T17:45:33.889Z" },
]
